
Microsoft Visual Studio Solution File, Format Version 12.00
# Visual Studio Version 16
VisualStudioVersion = 16.0.29709.97
MinimumVisualStudioVersion = 10.0.40219.1
Project("{FAE04EC0-301F-11D3-BF4B-00C04F79EFBC}") = "App01_LayoutXF.UWP", "App01_LayoutXF\App01_LayoutXF.UWP\App01_LayoutXF.UWP.csproj", "{BB02D2C0-A7E0-4352-BB5F-9818D9244B8F}"
EndProject
Project("{FAE04EC0-301F-11D3-BF4B-00C04F79EFBC}") = "App01_LayoutXF.Android", "App01_LayoutXF\App01_LayoutXF.Android\App01_LayoutXF.Android.csproj", "{57A439B5-C43D-47AE-97A7-8FACBBA49080}"
EndProject
Project("{FAE04EC0-301F-11D3-BF4B-00C04F79EFBC}") = "App01_LayoutXF.iOS", "App01_LayoutXF\App01_LayoutXF.iOS\App01_LayoutXF.iOS.csproj", "{F11CD417-4E29-4673-9D69-FAE289902666}"
EndProject
Project("{FAE04EC0-301F-11D3-BF4B-00C04F79EFBC}") = "App01_LayoutXF", "App01_LayoutXF\App01_LayoutXF\App01_LayoutXF.csproj", "{32DAE3EE-D4C1-4A97-89B2-936B16D61DD1}"
EndProject
Global
	GlobalSection(SolutionConfigurationPlatforms) = preSolution
		Debug|Any CPU = Debug|Any CPU
		Debug|ARM = Debug|ARM
		Debug|iPhone = Debug|iPhone
		Debug|iPhoneSimulator = Debug|iPhoneSimulator
		Debug|x64 = Debug|x64
		Debug|x86 = Debug|x86
		Release|Any CPU = Release|Any CPU
		Release|ARM = Release|ARM
		Release|iPhone = Release|iPhone
		Release|iPhoneSimulator = Release|iPhoneSimulator
		Release|x64 = Release|x64
		Release|x86 = Release|x86
	EndGlobalSection
	GlobalSection(ProjectConfigurationPlatforms) = postSolution
		{BB02D2C0-A7E0-4352-BB5F-9818D9244B8F}.Debug|Any CPU.ActiveCfg = Debug|x86
		{BB02D2C0-A7E0-4352-BB5F-9818D9244B8F}.Debug|Any CPU.Build.0 = Debug|x86
		{BB02D2C0-A7E0-4352-BB5F-9818D9244B8F}.Debug|Any CPU.Deploy.0 = Debug|x86
		{BB02D2C0-A7E0-4352-BB5F-9818D9244B8F}.Debug|ARM.ActiveCfg = Debug|ARM
		{BB02D2C0-A7E0-4352-BB5F-9818D9244B8F}.Debug|ARM.Build.0 = Debug|ARM
		{BB02D2C0-A7E0-4352-BB5F-9818D9244B8F}.Debug|ARM.Deploy.0 = Debug|ARM
		{BB02D2C0-A7E0-4352-BB5F-9818D9244B8F}.Debug|iPhone.ActiveCfg = Debug|x86
		{BB02D2C0-A7E0-4352-BB5F-9818D9244B8F}.Debug|iPhone.Build.0 = Debug|x86
		{BB02D2C0-A7E0-4352-BB5F-9818D9244B8F}.Debug|iPhone.Deploy.0 = Debug|x86
		{BB02D2C0-A7E0-4352-BB5F-9818D9244B8F}.Debug|iPhoneSimulator.ActiveCfg = Debug|x86
		{BB02D2C0-A7E0-4352-BB5F-9818D9244B8F}.Debug|iPhoneSimulator.Build.0 = Debug|x86
		{BB02D2C0-A7E0-4352-BB5F-9818D9244B8F}.Debug|iPhoneSimulator.Deploy.0 = Debug|x86
		{BB02D2C0-A7E0-4352-BB5F-9818D9244B8F}.Debug|x64.ActiveCfg = Debug|x64
		{BB02D2C0-A7E0-4352-BB5F-9818D9244B8F}.Debug|x64.Build.0 = Debug|x64
		{BB02D2C0-A7E0-4352-BB5F-9818D9244B8F}.Debug|x64.Deploy.0 = Debug|x64
		{BB02D2C0-A7E0-4352-BB5F-9818D9244B8F}.Debug|x86.ActiveCfg = Debug|x86
		{BB02D2C0-A7E0-4352-BB5F-9818D9244B8F}.Debug|x86.Build.0 = Debug|x86
		{BB02D2C0-A7E0-4352-BB5F-9818D9244B8F}.Debug|x86.Deploy.0 = Debug|x86
		{BB02D2C0-A7E0-4352-BB5F-9818D9244B8F}.Release|Any CPU.ActiveCfg = Release|x86
		{BB02D2C0-A7E0-4352-BB5F-9818D9244B8F}.Release|Any CPU.Build.0 = Release|x86
		{BB02D2C0-A7E0-4352-BB5F-9818D9244B8F}.Release|Any CPU.Deploy.0 = Release|x86
		{BB02D2C0-A7E0-4352-BB5F-9818D9244B8F}.Release|ARM.ActiveCfg = Release|ARM
		{BB02D2C0-A7E0-4352-BB5F-9818D9244B8F}.Release|ARM.Build.0 = Release|ARM
		{BB02D2C0-A7E0-4352-BB5F-9818D9244B8F}.Release|ARM.Deploy.0 = Release|ARM
		{BB02D2C0-A7E0-4352-BB5F-9818D9244B8F}.Release|iPhone.ActiveCfg = Release|x86
		{BB02D2C0-A7E0-4352-BB5F-9818D9244B8F}.Release|iPhone.Build.0 = Release|x86
		{BB02D2C0-A7E0-4352-BB5F-9818D9244B8F}.Release|iPhone.Deploy.0 = Release|x86
		{BB02D2C0-A7E0-4352-BB5F-9818D9244B8F}.Release|iPhoneSimulator.ActiveCfg = Release|x86
		{BB02D2C0-A7E0-4352-BB5F-9818D9244B8F}.Release|iPhoneSimulator.Build.0 = Release|x86
		{BB02D2C0-A7E0-4352-BB5F-9818D9244B8F}.Release|iPhoneSimulator.Deploy.0 = Release|x86
		{BB02D2C0-A7E0-4352-BB5F-9818D9244B8F}.Release|x64.ActiveCfg = Release|x64
		{BB02D2C0-A7E0-4352-BB5F-9818D9244B8F}.Release|x64.Build.0 = Release|x64
		{BB02D2C0-A7E0-4352-BB5F-9818D9244B8F}.Release|x64.Deploy.0 = Release|x64
		{BB02D2C0-A7E0-4352-BB5F-9818D9244B8F}.Release|x86.ActiveCfg = Release|x86
		{BB02D2C0-A7E0-4352-BB5F-9818D9244B8F}.Release|x86.Build.0 = Release|x86
		{BB02D2C0-A7E0-4352-BB5F-9818D9244B8F}.Release|x86.Deploy.0 = Release|x86
		{57A439B5-C43D-47AE-97A7-8FACBBA49080}.Debug|Any CPU.ActiveCfg = Debug|Any CPU
		{57A439B5-C43D-47AE-97A7-8FACBBA49080}.Debug|Any CPU.Build.0 = Debug|Any CPU
		{57A439B5-C43D-47AE-97A7-8FACBBA49080}.Debug|Any CPU.Deploy.0 = Debug|Any CPU
		{57A439B5-C43D-47AE-97A7-8FACBBA49080}.Debug|ARM.ActiveCfg = Debug|Any CPU
		{57A439B5-C43D-47AE-97A7-8FACBBA49080}.Debug|ARM.Build.0 = Debug|Any CPU
		{57A439B5-C43D-47AE-97A7-8FACBBA49080}.Debug|ARM.Deploy.0 = Debug|Any CPU
		{57A439B5-C43D-47AE-97A7-8FACBBA49080}.Debug|iPhone.ActiveCfg = Debug|Any CPU
		{57A439B5-C43D-47AE-97A7-8FACBBA49080}.Debug|iPhone.Build.0 = Debug|Any CPU
		{57A439B5-C43D-47AE-97A7-8FACBBA49080}.Debug|iPhone.Deploy.0 = Debug|Any CPU
		{57A439B5-C43D-47AE-97A7-8FACBBA49080}.Debug|iPhoneSimulator.ActiveCfg = Debug|Any CPU
		{57A439B5-C43D-47AE-97A7-8FACBBA49080}.Debug|iPhoneSimulator.Build.0 = Debug|Any CPU
		{57A439B5-C43D-47AE-97A7-8FACBBA49080}.Debug|iPhoneSimulator.Deploy.0 = Debug|Any CPU
		{57A439B5-C43D-47AE-97A7-8FACBBA49080}.Debug|x64.ActiveCfg = Debug|Any CPU
		{57A439B5-C43D-47AE-97A7-8FACBBA49080}.Debug|x64.Build.0 = Debug|Any CPU
		{57A439B5-C43D-47AE-97A7-8FACBBA49080}.Debug|x64.Deploy.0 = Debug|Any CPU
		{57A439B5-C43D-47AE-97A7-8FACBBA49080}.Debug|x86.ActiveCfg = Debug|Any CPU
		{57A439B5-C43D-47AE-97A7-8FACBBA49080}.Debug|x86.Build.0 = Debug|Any CPU
		{57A439B5-C43D-47AE-97A7-8FACBBA49080}.Debug|x86.Deploy.0 = Debug|Any CPU
		{57A439B5-C43D-47AE-97A7-8FACBBA49080}.Release|Any CPU.ActiveCfg = Release|Any CPU
		{57A439B5-C43D-47AE-97A7-8FACBBA49080}.Release|Any CPU.Build.0 = Release|Any CPU
		{57A439B5-C43D-47AE-97A7-8FACBBA49080}.Release|Any CPU.Deploy.0 = Release|Any CPU
		{57A439B5-C43D-47AE-97A7-8FACBBA49080}.Release|ARM.ActiveCfg = Release|Any CPU
		{57A439B5-C43D-47AE-97A7-8FACBBA49080}.Release|ARM.Build.0 = Release|Any CPU
		{57A439B5-C43D-47AE-97A7-8FACBBA49080}.Release|ARM.Deploy.0 = Release|Any CPU
		{57A439B5-C43D-47AE-97A7-8FACBBA49080}.Release|iPhone.ActiveCfg = Release|Any CPU
		{57A439B5-C43D-47AE-97A7-8FACBBA49080}.Release|iPhone.Build.0 = Release|Any CPU
		{57A439B5-C43D-47AE-97A7-8FACBBA49080}.Release|iPhone.Deploy.0 = Release|Any CPU
		{57A439B5-C43D-47AE-97A7-8FACBBA49080}.Release|iPhoneSimulator.ActiveCfg = Release|Any CPU
		{57A439B5-C43D-47AE-97A7-8FACBBA49080}.Release|iPhoneSimulator.Build.0 = Release|Any CPU
		{57A439B5-C43D-47AE-97A7-8FACBBA49080}.Release|iPhoneSimulator.Deploy.0 = Release|Any CPU
		{57A439B5-C43D-47AE-97A7-8FACBBA49080}.Release|x64.ActiveCfg = Release|Any CPU
		{57A439B5-C43D-47AE-97A7-8FACBBA49080}.Release|x64.Build.0 = Release|Any CPU
		{57A439B5-C43D-47AE-97A7-8FACBBA49080}.Release|x64.Deploy.0 = Release|Any CPU
		{57A439B5-C43D-47AE-97A7-8FACBBA49080}.Release|x86.ActiveCfg = Release|Any CPU
		{57A439B5-C43D-47AE-97A7-8FACBBA49080}.Release|x86.Build.0 = Release|Any CPU
		{57A439B5-C43D-47AE-97A7-8FACBBA49080}.Release|x86.Deploy.0 = Release|Any CPU
		{F11CD417-4E29-4673-9D69-FAE289902666}.Debug|Any CPU.ActiveCfg = Debug|iPhone
		{F11CD417-4E29-4673-9D69-FAE289902666}.Debug|Any CPU.Build.0 = Debug|iPhone
		{F11CD417-4E29-4673-9D69-FAE289902666}.Debug|Any CPU.Deploy.0 = Debug|iPhone
		{F11CD417-4E29-4673-9D69-FAE289902666}.Debug|ARM.ActiveCfg = Debug|iPhoneSimulator
		{F11CD417-4E29-4673-9D69-FAE289902666}.Debug|ARM.Build.0 = Debug|iPhoneSimulator
		{F11CD417-4E29-4673-9D69-FAE289902666}.Debug|ARM.Deploy.0 = Debug|iPhoneSimulator
		{F11CD417-4E29-4673-9D69-FAE289902666}.Debug|iPhone.ActiveCfg = Debug|iPhone
		{F11CD417-4E29-4673-9D69-FAE289902666}.Debug|iPhone.Build.0 = Debug|iPhone
		{F11CD417-4E29-4673-9D69-FAE289902666}.Debug|iPhone.Deploy.0 = Debug|iPhone
		{F11CD417-4E29-4673-9D69-FAE289902666}.Debug|iPhoneSimulator.ActiveCfg = Debug|iPhoneSimulator
		{F11CD417-4E29-4673-9D69-FAE289902666}.Debug|iPhoneSimulator.Build.0 = Debug|iPhoneSimulator
		{F11CD417-4E29-4673-9D69-FAE289902666}.Debug|iPhoneSimulator.Deploy.0 = Debug|iPhoneSimulator
		{F11CD417-4E29-4673-9D69-FAE289902666}.Debug|x64.ActiveCfg = Debug|iPhone
		{F11CD417-4E29-4673-9D69-FAE289902666}.Debug|x64.Build.0 = Debug|iPhone
		{F11CD417-4E29-4673-9D69-FAE289902666}.Debug|x64.Deploy.0 = Debug|iPhone
		{F11CD417-4E29-4673-9D69-FAE289902666}.Debug|x86.ActiveCfg = Debug|iPhone
		{F11CD417-4E29-4673-9D69-FAE289902666}.Debug|x86.Build.0 = Debug|iPhone
		{F11CD417-4E29-4673-9D69-FAE289902666}.Debug|x86.Deploy.0 = Debug|iPhone
		{F11CD417-4E29-4673-9D69-FAE289902666}.Release|Any CPU.ActiveCfg = Release|iPhone
		{F11CD417-4E29-4673-9D69-FAE289902666}.Release|Any CPU.Build.0 = Release|iPhone
		{F11CD417-4E29-4673-9D69-FAE289902666}.Release|Any CPU.Deploy.0 = Release|iPhone
		{F11CD417-4E29-4673-9D69-FAE289902666}.Release|ARM.ActiveCfg = Release|iPhone
		{F11CD417-4E29-4673-9D69-FAE289902666}.Release|ARM.Build.0 = Release|iPhone
		{F11CD417-4E29-4673-9D69-FAE289902666}.Release|ARM.Deploy.0 = Release|iPhone
		{F11CD417-4E29-4673-9D69-FAE289902666}.Release|iPhone.ActiveCfg = Release|iPhone
		{F11CD417-4E29-4673-9D69-FAE289902666}.Release|iPhone.Build.0 = Release|iPhone
		{F11CD417-4E29-4673-9D69-FAE289902666}.Release|iPhone.Deploy.0 = Release|iPhone
		{F11CD417-4E29-4673-9D69-FAE289902666}.Release|iPhoneSimulator.ActiveCfg = Release|iPhoneSimulator
		{F11CD417-4E29-4673-9D69-FAE289902666}.Release|iPhoneSimulator.Build.0 = Release|iPhoneSimulator
		{F11CD417-4E29-4673-9D69-FAE289902666}.Release|iPhoneSimulator.Deploy.0 = Release|iPhoneSimulator
		{F11CD417-4E29-4673-9D69-FAE289902666}.Release|x64.ActiveCfg = Release|iPhone
		{F11CD417-4E29-4673-9D69-FAE289902666}.Release|x64.Build.0 = Release|iPhone
		{F11CD417-4E29-4673-9D69-FAE289902666}.Release|x64.Deploy.0 = Release|iPhone
		{F11CD417-4E29-4673-9D69-FAE289902666}.Release|x86.ActiveCfg = Release|iPhone
		{F11CD417-4E29-4673-9D69-FAE289902666}.Release|x86.Build.0 = Release|iPhone
		{F11CD417-4E29-4673-9D69-FAE289902666}.Release|x86.Deploy.0 = Release|iPhone
		{32DAE3EE-D4C1-4A97-89B2-936B16D61DD1}.Debug|Any CPU.ActiveCfg = Debug|Any CPU
		{32DAE3EE-D4C1-4A97-89B2-936B16D61DD1}.Debug|Any CPU.Build.0 = Debug|Any CPU
		{32DAE3EE-D4C1-4A97-89B2-936B16D61DD1}.Debug|Any CPU.Deploy.0 = Debug|Any CPU
		{32DAE3EE-D4C1-4A97-89B2-936B16D61DD1}.Debug|ARM.ActiveCfg = Debug|Any CPU
		{32DAE3EE-D4C1-4A97-89B2-936B16D61DD1}.Debug|ARM.Build.0 = Debug|Any CPU
		{32DAE3EE-D4C1-4A97-89B2-936B16D61DD1}.Debug|ARM.Deploy.0 = Debug|Any CPU
		{32DAE3EE-D4C1-4A97-89B2-936B16D61DD1}.Debug|iPhone.ActiveCfg = Debug|Any CPU
		{32DAE3EE-D4C1-4A97-89B2-936B16D61DD1}.Debug|iPhone.Build.0 = Debug|Any CPU
		{32DAE3EE-D4C1-4A97-89B2-936B16D61DD1}.Debug|iPhone.Deploy.0 = Debug|Any CPU
		{32DAE3EE-D4C1-4A97-89B2-936B16D61DD1}.Debug|iPhoneSimulator.ActiveCfg = Debug|Any CPU
		{32DAE3EE-D4C1-4A97-89B2-936B16D61DD1}.Debug|iPhoneSimulator.Build.0 = Debug|Any CPU
		{32DAE3EE-D4C1-4A97-89B2-936B16D61DD1}.Debug|iPhoneSimulator.Deploy.0 = Debug|Any CPU
		{32DAE3EE-D4C1-4A97-89B2-936B16D61DD1}.Debug|x64.ActiveCfg = Debug|Any CPU
		{32DAE3EE-D4C1-4A97-89B2-936B16D61DD1}.Debug|x64.Build.0 = Debug|Any CPU
		{32DAE3EE-D4C1-4A97-89B2-936B16D61DD1}.Debug|x64.Deploy.0 = Debug|Any CPU
		{32DAE3EE-D4C1-4A97-89B2-936B16D61DD1}.Debug|x86.ActiveCfg = Debug|Any CPU
		{32DAE3EE-D4C1-4A97-89B2-936B16D61DD1}.Debug|x86.Build.0 = Debug|Any CPU
		{32DAE3EE-D4C1-4A97-89B2-936B16D61DD1}.Debug|x86.Deploy.0 = Debug|Any CPU
		{32DAE3EE-D4C1-4A97-89B2-936B16D61DD1}.Release|Any CPU.ActiveCfg = Release|Any CPU
		{32DAE3EE-D4C1-4A97-89B2-936B16D61DD1}.Release|Any CPU.Build.0 = Release|Any CPU
		{32DAE3EE-D4C1-4A97-89B2-936B16D61DD1}.Release|Any CPU.Deploy.0 = Release|Any CPU
		{32DAE3EE-D4C1-4A97-89B2-936B16D61DD1}.Release|ARM.ActiveCfg = Release|Any CPU
		{32DAE3EE-D4C1-4A97-89B2-936B16D61DD1}.Release|ARM.Build.0 = Release|Any CPU
		{32DAE3EE-D4C1-4A97-89B2-936B16D61DD1}.Release|ARM.Deploy.0 = Release|Any CPU
		{32DAE3EE-D4C1-4A97-89B2-936B16D61DD1}.Release|iPhone.ActiveCfg = Release|Any CPU
		{32DAE3EE-D4C1-4A97-89B2-936B16D61DD1}.Release|iPhone.Build.0 = Release|Any CPU
		{32DAE3EE-D4C1-4A97-89B2-936B16D61DD1}.Release|iPhone.Deploy.0 = Release|Any CPU
		{32DAE3EE-D4C1-4A97-89B2-936B16D61DD1}.Release|iPhoneSimulator.ActiveCfg = Release|Any CPU
		{32DAE3EE-D4C1-4A97-89B2-936B16D61DD1}.Release|iPhoneSimulator.Build.0 = Release|Any CPU
		{32DAE3EE-D4C1-4A97-89B2-936B16D61DD1}.Release|iPhoneSimulator.Deploy.0 = Release|Any CPU
		{32DAE3EE-D4C1-4A97-89B2-936B16D61DD1}.Release|x64.ActiveCfg = Release|Any CPU
		{32DAE3EE-D4C1-4A97-89B2-936B16D61DD1}.Release|x64.Build.0 = Release|Any CPU
		{32DAE3EE-D4C1-4A97-89B2-936B16D61DD1}.Release|x64.Deploy.0 = Release|Any CPU
		{32DAE3EE-D4C1-4A97-89B2-936B16D61DD1}.Release|x86.ActiveCfg = Release|Any CPU
		{32DAE3EE-D4C1-4A97-89B2-936B16D61DD1}.Release|x86.Build.0 = Release|Any CPU
		{32DAE3EE-D4C1-4A97-89B2-936B16D61DD1}.Release|x86.Deploy.0 = Release|Any CPU
	EndGlobalSection
	GlobalSection(SolutionProperties) = preSolution
		HideSolutionNode = FALSE
	EndGlobalSection
	GlobalSection(ExtensibilityGlobals) = postSolution
		SolutionGuid = {67818FC6-232C-4138-B95C-381BEBDE2230}
	EndGlobalSection
EndGlobal
